
Microsoft Visual Studio Solution File, Format Version 12.00
# Visual Studio Version 17
VisualStudioVersion = 17.14.36414.22 d17.14
MinimumVisualStudioVersion = 10.0.40219.1
Project("{FAE04EC0-301F-11D3-BF4B-00C04F79EFBC}") = "SharedLibrary", "SharedLibrary\SharedLibrary.csproj", "{A853F7B5-8CDB-457F-8DF8-43A44449B5D3}"
EndProject
Global
	GlobalSection(SolutionConfigurationPlatforms) = preSolution
		Debug|Any CPU = Debug|Any CPU
		Release|Any CPU = Release|Any CPU
	EndGlobalSection
	GlobalSection(ProjectConfigurationPlatforms) = postSolution
		{A853F7B5-8CDB-457F-8DF8-43A44449B5D3}.Debug|Any CPU.ActiveCfg = Debug|Any CPU
		{A853F7B5-8CDB-457F-8DF8-43A44449B5D3}.Debug|Any CPU.Build.0 = Debug|Any CPU
		{A853F7B5-8CDB-457F-8DF8-43A44449B5D3}.Release|Any CPU.ActiveCfg = Release|Any CPU
		{A853F7B5-8CDB-457F-8DF8-43A44449B5D3}.Release|Any CPU.Build.0 = Release|Any CPU
	EndGlobalSection
	GlobalSection(SolutionProperties) = preSolution
		HideSolutionNode = FALSE
	EndGlobalSection
	GlobalSection(ExtensibilityGlobals) = postSolution
		SolutionGuid = {1E6D8D27-09AC-414F-B620-F4DC5080929F}
	EndGlobalSection
EndGlobal
